<?xml version="1.0" encoding="utf-8"?>
<Project ToolsVersion="17.0" xmlns="http://schemas.microsoft.com/developer/msbuild/2003">
  <ItemGroup>
    <ClCompile Include="D:\DemoSetup\RobotArm\RobotArm.cpp">
      <Filter>Source Files</Filter>
    </ClCompile>
    <ClCompile Include="D:\DemoSetup\RobotArm\common\controls.cpp">
      <Filter>Source Files</Filter>
    </ClCompile>
    <ClCompile Include="D:\DemoSetup\RobotArm\common\objloader.cpp">
      <Filter>Source Files</Filter>
    </ClCompile>
    <ClCompile Include="D:\DemoSetup\RobotArm\common\quaternion_utils.cpp">
      <Filter>Source Files</Filter>
    </ClCompile>
    <ClCompile Include="D:\DemoSetup\RobotArm\common\shader.cpp">
      <Filter>Source Files</Filter>
    </ClCompile>
    <ClCompile Include="D:\DemoSetup\RobotArm\common\tangentspace.cpp">
      <Filter>Source Files</Filter>
    </ClCompile>
    <ClCompile Include="D:\DemoSetup\RobotArm\common\text2D.cpp">
      <Filter>Source Files</Filter>
    </ClCompile>
    <ClCompile Include="D:\DemoSetup\RobotArm\common\texture.cpp">
      <Filter>Source Files</Filter>
    </ClCompile>
    <ClCompile Include="D:\DemoSetup\RobotArm\common\vboindexer.cpp">
      <Filter>Source Files</Filter>
    </ClCompile>
  </ItemGroup>
  <ItemGroup>
    <ClInclude Include="D:\DemoSetup\RobotArm\RobotArm.h">
      <Filter>Header Files</Filter>
    </ClInclude>
    <ClInclude Include="D:\DemoSetup\RobotArm\common\controls.hpp">
      <Filter>Header Files</Filter>
    </ClInclude>
    <ClInclude Include="D:\DemoSetup\RobotArm\common\objloader.hpp">
      <Filter>Header Files</Filter>
    </ClInclude>
    <ClInclude Include="D:\DemoSetup\RobotArm\common\quaternion_utils.hpp">
      <Filter>Header Files</Filter>
    </ClInclude>
    <ClInclude Include="D:\DemoSetup\RobotArm\common\shader.hpp">
      <Filter>Header Files</Filter>
    </ClInclude>
    <ClInclude Include="D:\DemoSetup\RobotArm\common\tangentspace.hpp">
      <Filter>Header Files</Filter>
    </ClInclude>
    <ClInclude Include="D:\DemoSetup\RobotArm\common\text2D.hpp">
      <Filter>Header Files</Filter>
    </ClInclude>
    <ClInclude Include="D:\DemoSetup\RobotArm\common\texture.hpp">
      <Filter>Header Files</Filter>
    </ClInclude>
    <ClInclude Include="D:\DemoSetup\RobotArm\common\vboindexer.hpp">
      <Filter>Header Files</Filter>
    </ClInclude>
  </ItemGroup>
  <ItemGroup>
    <CustomBuild Include="D:\DemoSetup\RobotArm\CMakeLists.txt" />
  </ItemGroup>
  <ItemGroup>
    <Filter Include="Header Files">
      <UniqueIdentifier>{BD23419C-D291-3D38-96DB-C470D563F395}</UniqueIdentifier>
    </Filter>
    <Filter Include="Source Files">
      <UniqueIdentifier>{A327C6A1-DC84-3533-B9E2-384B74460D8D}</UniqueIdentifier>
    </Filter>
  </ItemGroup>
</Project>
