<?xml version="1.0" encoding="utf-8"?>
<Project ToolsVersion="17.0" xmlns="http://schemas.microsoft.com/developer/msbuild/2003">
  <ItemGroup>
    <CustomBuild Include="D:\DemoSetup\RobotArm\CMakeFiles\5b070bdcb719af906c41d0565bf8ed46\generate.stamp.rule">
      <Filter>CMake Rules</Filter>
    </CustomBuild>
  </ItemGroup>
  <ItemGroup>
    <Filter Include="CMake Rules">
      <UniqueIdentifier>{072CC3ED-E1B9-3E54-BC73-A0A0A51CF79E}</UniqueIdentifier>
    </Filter>
  </ItemGroup>
</Project>
